
Microsoft Visual Studio Solution File, Format Version 12.00
Project("{FAE04EC0-301F-11D3-BF4B-00C04F79EFBC}") = "PostgresLab", "PostgresLab\PostgresLab.csproj", "{9FDB47B0-917A-4C3A-A4B9-3648D86E143E}"
EndProject
Global
	GlobalSection(SolutionConfigurationPlatforms) = preSolution
		Debug|Any CPU = Debug|Any CPU
		Release|Any CPU = Release|Any CPU
	EndGlobalSection
	GlobalSection(ProjectConfigurationPlatforms) = postSolution
		{9FDB47B0-917A-4C3A-A4B9-3648D86E143E}.Debug|Any CPU.ActiveCfg = Debug|Any CPU
		{9FDB47B0-917A-4C3A-A4B9-3648D86E143E}.Debug|Any CPU.Build.0 = Debug|Any CPU
		{9FDB47B0-917A-4C3A-A4B9-3648D86E143E}.Release|Any CPU.ActiveCfg = Release|Any CPU
		{9FDB47B0-917A-4C3A-A4B9-3648D86E143E}.Release|Any CPU.Build.0 = Release|Any CPU
	EndGlobalSection
EndGlobal
